{
  "originHash" : "b7e4e825ef83bb9ee7cfaaeb9343ce52ceb8171be5f96c5d2fe5daa0ae6a3672",
  "pins" : [
    {
      "identity" : "highlighterswift",
      "kind" : "remoteSourceControl",
      "location" : "https://github.com/smittytone/HighlighterSwift.git",
      "state" : {
        "revision" : "6c51eb35908f4876a9a8d444a0c800632351d0ba",
        "version" : "3.0.0"
      }
    },
    {
      "identity" : "swift-argument-parser",
      "kind" : "remoteSourceControl",
      "location" : "https://github.com/apple/swift-argument-parser",
      "state" : {
        "revision" : "c5d11a805e765f52ba34ec7284bd4fcd6ba68615",
        "version" : "1.7.0"
      }
    },
    {
      "identity" : "swiftterm",
      "kind" : "remoteSourceControl",
      "location" : "https://github.com/migueldeicaza/SwiftTerm.git",
      "state" : {
        "revision" : "b1262db5b6bea699a8260a8c66999436c508ca56",
        "version" : "1.11.2"
      }
    }
  ],
  "version" : 3
}
